
Microsoft Visual Studio Solution File, Format Version 12.00
# Visual Studio Version 16
VisualStudioVersion = 16.0.31729.503
MinimumVisualStudioVersion = 10.0.40219.1
Project("{2150E333-8FDC-42A3-9474-1A3956D46DE8}") = "A-IF-ELSE-SWITCH", "A-IF-ELSE-SWITCH", "{083F5931-D576-4C83-A173-4F55333AFE94}"
EndProject
Project("{FAE04EC0-301F-11D3-BF4B-00C04F79EFBC}") = "01-BuyukMuKucukMu", "A-IF-ELSE-SWITCH\01-BuyukMuKucukMu\01-BuyukMuKucukMu.csproj", "{057EF550-3D57-4C60-83D9-3F168E0C9DCF}"
EndProject
Project("{FAE04EC0-301F-11D3-BF4B-00C04F79EFBC}") = "02-UcSayidanBuyuk", "A-IF-ELSE-SWITCH\02-UcSayidanBuyuk\02-UcSayidanBuyuk.csproj", "{A73C7A6C-4E82-4920-8CC6-C1563C3DC135}"
EndProject
Project("{FAE04EC0-301F-11D3-BF4B-00C04F79EFBC}") = "03-TekMiCiftMi", "A-IF-ELSE-SWITCH\03-TekMiCiftMi\03-TekMiCiftMi.csproj", "{8AE7846B-62DF-48E8-95BC-0850CFB6895D}"
EndProject
Project("{FAE04EC0-301F-11D3-BF4B-00C04F79EFBC}") = "04-ArtikYilMi", "A-IF-ELSE-SWITCH\04-ArtikYilMi\04-ArtikYilMi.csproj", "{823B9D09-3E57-4D7A-951E-DF17FD67A03D}"
EndProject
Project("{FAE04EC0-301F-11D3-BF4B-00C04F79EFBC}") = "05-PozitifNegatifSifir", "A-IF-ELSE-SWITCH\05-PozitifNegatifSifir\05-PozitifNegatifSifir.csproj", "{049D3C79-1C54-4314-B4B3-124F3B315B2F}"
EndProject
Project("{FAE04EC0-301F-11D3-BF4B-00C04F79EFBC}") = "06-SayilarinToplami", "A-IF-ELSE-SWITCH\06-SayilarinToplami\06-SayilarinToplami.csproj", "{9D9DA2C0-9872-4E1F-A3D0-E480CE3552B6}"
EndProject
Project("{FAE04EC0-301F-11D3-BF4B-00C04F79EFBC}") = "07-GirilenHarfMi", "A-IF-ELSE-SWITCH\07-GirilenHarfMi\07-GirilenHarfMi.csproj", "{2D759B50-0F69-498F-A331-2955D4C54EC1}"
EndProject
Project("{FAE04EC0-301F-11D3-BF4B-00C04F79EFBC}") = "08-HarfUnluMuUnsuzMu", "A-IF-ELSE-SWITCH\08-HarfUnluMuUnsuzMu\08-HarfUnluMuUnsuzMu.csproj", "{5B4C479D-9DED-4E69-B437-E98CD4DA5538}"
EndProject
Project("{FAE04EC0-301F-11D3-BF4B-00C04F79EFBC}") = "09-SayiMi", "A-IF-ELSE-SWITCH\09-SayiMi\09-SayiMi.csproj", "{CF7192A4-8B8E-492D-A1E2-B60D6112FCE9}"
EndProject
Project("{FAE04EC0-301F-11D3-BF4B-00C04F79EFBC}") = "10-KarakterBuyukKucuk", "A-IF-ELSE-SWITCH\10-KarakterBuyukKucuk\10-KarakterBuyukKucuk.csproj", "{5320B5BB-BF46-4B82-BBDE-6EDF23BFCA20}"
EndProject
Project("{FAE04EC0-301F-11D3-BF4B-00C04F79EFBC}") = "11-GunKarsiligi", "A-IF-ELSE-SWITCH\11-GunKarsiligi\11-GunKarsiligi.csproj", "{849F170A-6DBC-457E-ABC2-94579F6BFE59}"
EndProject
Global
	GlobalSection(SolutionConfigurationPlatforms) = preSolution
		Debug|Any CPU = Debug|Any CPU
		Release|Any CPU = Release|Any CPU
	EndGlobalSection
	GlobalSection(ProjectConfigurationPlatforms) = postSolution
		{057EF550-3D57-4C60-83D9-3F168E0C9DCF}.Debug|Any CPU.ActiveCfg = Debug|Any CPU
		{057EF550-3D57-4C60-83D9-3F168E0C9DCF}.Debug|Any CPU.Build.0 = Debug|Any CPU
		{057EF550-3D57-4C60-83D9-3F168E0C9DCF}.Release|Any CPU.ActiveCfg = Release|Any CPU
		{057EF550-3D57-4C60-83D9-3F168E0C9DCF}.Release|Any CPU.Build.0 = Release|Any CPU
		{A73C7A6C-4E82-4920-8CC6-C1563C3DC135}.Debug|Any CPU.ActiveCfg = Debug|Any CPU
		{A73C7A6C-4E82-4920-8CC6-C1563C3DC135}.Debug|Any CPU.Build.0 = Debug|Any CPU
		{A73C7A6C-4E82-4920-8CC6-C1563C3DC135}.Release|Any CPU.ActiveCfg = Release|Any CPU
		{A73C7A6C-4E82-4920-8CC6-C1563C3DC135}.Release|Any CPU.Build.0 = Release|Any CPU
		{8AE7846B-62DF-48E8-95BC-0850CFB6895D}.Debug|Any CPU.ActiveCfg = Debug|Any CPU
		{8AE7846B-62DF-48E8-95BC-0850CFB6895D}.Debug|Any CPU.Build.0 = Debug|Any CPU
		{8AE7846B-62DF-48E8-95BC-0850CFB6895D}.Release|Any CPU.ActiveCfg = Release|Any CPU
		{8AE7846B-62DF-48E8-95BC-0850CFB6895D}.Release|Any CPU.Build.0 = Release|Any CPU
		{823B9D09-3E57-4D7A-951E-DF17FD67A03D}.Debug|Any CPU.ActiveCfg = Debug|Any CPU
		{823B9D09-3E57-4D7A-951E-DF17FD67A03D}.Debug|Any CPU.Build.0 = Debug|Any CPU
		{823B9D09-3E57-4D7A-951E-DF17FD67A03D}.Release|Any CPU.ActiveCfg = Release|Any CPU
		{823B9D09-3E57-4D7A-951E-DF17FD67A03D}.Release|Any CPU.Build.0 = Release|Any CPU
		{049D3C79-1C54-4314-B4B3-124F3B315B2F}.Debug|Any CPU.ActiveCfg = Debug|Any CPU
		{049D3C79-1C54-4314-B4B3-124F3B315B2F}.Debug|Any CPU.Build.0 = Debug|Any CPU
		{049D3C79-1C54-4314-B4B3-124F3B315B2F}.Release|Any CPU.ActiveCfg = Release|Any CPU
		{049D3C79-1C54-4314-B4B3-124F3B315B2F}.Release|Any CPU.Build.0 = Release|Any CPU
		{9D9DA2C0-9872-4E1F-A3D0-E480CE3552B6}.Debug|Any CPU.ActiveCfg = Debug|Any CPU
		{9D9DA2C0-9872-4E1F-A3D0-E480CE3552B6}.Debug|Any CPU.Build.0 = Debug|Any CPU
		{9D9DA2C0-9872-4E1F-A3D0-E480CE3552B6}.Release|Any CPU.ActiveCfg = Release|Any CPU
		{9D9DA2C0-9872-4E1F-A3D0-E480CE3552B6}.Release|Any CPU.Build.0 = Release|Any CPU
		{2D759B50-0F69-498F-A331-2955D4C54EC1}.Debug|Any CPU.ActiveCfg = Debug|Any CPU
		{2D759B50-0F69-498F-A331-2955D4C54EC1}.Debug|Any CPU.Build.0 = Debug|Any CPU
		{2D759B50-0F69-498F-A331-2955D4C54EC1}.Release|Any CPU.ActiveCfg = Release|Any CPU
		{2D759B50-0F69-498F-A331-2955D4C54EC1}.Release|Any CPU.Build.0 = Release|Any CPU
		{5B4C479D-9DED-4E69-B437-E98CD4DA5538}.Debug|Any CPU.ActiveCfg = Debug|Any CPU
		{5B4C479D-9DED-4E69-B437-E98CD4DA5538}.Debug|Any CPU.Build.0 = Debug|Any CPU
		{5B4C479D-9DED-4E69-B437-E98CD4DA5538}.Release|Any CPU.ActiveCfg = Release|Any CPU
		{5B4C479D-9DED-4E69-B437-E98CD4DA5538}.Release|Any CPU.Build.0 = Release|Any CPU
		{CF7192A4-8B8E-492D-A1E2-B60D6112FCE9}.Debug|Any CPU.ActiveCfg = Debug|Any CPU
		{CF7192A4-8B8E-492D-A1E2-B60D6112FCE9}.Debug|Any CPU.Build.0 = Debug|Any CPU
		{CF7192A4-8B8E-492D-A1E2-B60D6112FCE9}.Release|Any CPU.ActiveCfg = Release|Any CPU
		{CF7192A4-8B8E-492D-A1E2-B60D6112FCE9}.Release|Any CPU.Build.0 = Release|Any CPU
		{5320B5BB-BF46-4B82-BBDE-6EDF23BFCA20}.Debug|Any CPU.ActiveCfg = Debug|Any CPU
		{5320B5BB-BF46-4B82-BBDE-6EDF23BFCA20}.Debug|Any CPU.Build.0 = Debug|Any CPU
		{5320B5BB-BF46-4B82-BBDE-6EDF23BFCA20}.Release|Any CPU.ActiveCfg = Release|Any CPU
		{5320B5BB-BF46-4B82-BBDE-6EDF23BFCA20}.Release|Any CPU.Build.0 = Release|Any CPU
		{849F170A-6DBC-457E-ABC2-94579F6BFE59}.Debug|Any CPU.ActiveCfg = Debug|Any CPU
		{849F170A-6DBC-457E-ABC2-94579F6BFE59}.Debug|Any CPU.Build.0 = Debug|Any CPU
		{849F170A-6DBC-457E-ABC2-94579F6BFE59}.Release|Any CPU.ActiveCfg = Release|Any CPU
		{849F170A-6DBC-457E-ABC2-94579F6BFE59}.Release|Any CPU.Build.0 = Release|Any CPU
	EndGlobalSection
	GlobalSection(SolutionProperties) = preSolution
		HideSolutionNode = FALSE
	EndGlobalSection
	GlobalSection(NestedProjects) = preSolution
		{057EF550-3D57-4C60-83D9-3F168E0C9DCF} = {083F5931-D576-4C83-A173-4F55333AFE94}
		{A73C7A6C-4E82-4920-8CC6-C1563C3DC135} = {083F5931-D576-4C83-A173-4F55333AFE94}
		{8AE7846B-62DF-48E8-95BC-0850CFB6895D} = {083F5931-D576-4C83-A173-4F55333AFE94}
		{823B9D09-3E57-4D7A-951E-DF17FD67A03D} = {083F5931-D576-4C83-A173-4F55333AFE94}
		{049D3C79-1C54-4314-B4B3-124F3B315B2F} = {083F5931-D576-4C83-A173-4F55333AFE94}
		{9D9DA2C0-9872-4E1F-A3D0-E480CE3552B6} = {083F5931-D576-4C83-A173-4F55333AFE94}
		{2D759B50-0F69-498F-A331-2955D4C54EC1} = {083F5931-D576-4C83-A173-4F55333AFE94}
		{5B4C479D-9DED-4E69-B437-E98CD4DA5538} = {083F5931-D576-4C83-A173-4F55333AFE94}
		{CF7192A4-8B8E-492D-A1E2-B60D6112FCE9} = {083F5931-D576-4C83-A173-4F55333AFE94}
		{5320B5BB-BF46-4B82-BBDE-6EDF23BFCA20} = {083F5931-D576-4C83-A173-4F55333AFE94}
		{849F170A-6DBC-457E-ABC2-94579F6BFE59} = {083F5931-D576-4C83-A173-4F55333AFE94}
	EndGlobalSection
	GlobalSection(ExtensibilityGlobals) = postSolution
		SolutionGuid = {6116812F-4F84-43FC-8631-3CE0661EAE93}
	EndGlobalSection
EndGlobal
