
Microsoft Visual Studio Solution File, Format Version 12.00
# Visual Studio Version 16
VisualStudioVersion = 16.0.31729.503
MinimumVisualStudioVersion = 10.0.40219.1
Project("{2150E333-8FDC-42A3-9474-1A3956D46DE8}") = "A-IF-ELSE-SWITCH", "A-IF-ELSE-SWITCH", "{083F5931-D576-4C83-A173-4F55333AFE94}"
EndProject
Project("{FAE04EC0-301F-11D3-BF4B-00C04F79EFBC}") = "01-BuyukMuKucukMu", "A-IF-ELSE-SWITCH\01-BuyukMuKucukMu\01-BuyukMuKucukMu.csproj", "{057EF550-3D57-4C60-83D9-3F168E0C9DCF}"
EndProject
Project("{FAE04EC0-301F-11D3-BF4B-00C04F79EFBC}") = "02-UcSayidanBuyuk", "A-IF-ELSE-SWITCH\02-UcSayidanBuyuk\02-UcSayidanBuyuk.csproj", "{A73C7A6C-4E82-4920-8CC6-C1563C3DC135}"
EndProject
Project("{FAE04EC0-301F-11D3-BF4B-00C04F79EFBC}") = "03-TekMiCiftMi", "A-IF-ELSE-SWITCH\03-TekMiCiftMi\03-TekMiCiftMi.csproj", "{8AE7846B-62DF-48E8-95BC-0850CFB6895D}"
EndProject
Project("{FAE04EC0-301F-11D3-BF4B-00C04F79EFBC}") = "04-ArtikYilMi", "A-IF-ELSE-SWITCH\04-ArtikYilMi\04-ArtikYilMi.csproj", "{823B9D09-3E57-4D7A-951E-DF17FD67A03D}"
EndProject
Project("{FAE04EC0-301F-11D3-BF4B-00C04F79EFBC}") = "05-PozitifNegatifSifir", "A-IF-ELSE-SWITCH\05-PozitifNegatifSifir\05-PozitifNegatifSifir.csproj", "{049D3C79-1C54-4314-B4B3-124F3B315B2F}"
EndProject
Project("{FAE04EC0-301F-11D3-BF4B-00C04F79EFBC}") = "06-SayilarinToplami", "A-IF-ELSE-SWITCH\06-SayilarinToplami\06-SayilarinToplami.csproj", "{9D9DA2C0-9872-4E1F-A3D0-E480CE3552B6}"
EndProject
Project("{FAE04EC0-301F-11D3-BF4B-00C04F79EFBC}") = "07-GirilenHarfMi", "A-IF-ELSE-SWITCH\07-GirilenHarfMi\07-GirilenHarfMi.csproj", "{2D759B50-0F69-498F-A331-2955D4C54EC1}"
EndProject
Project("{FAE04EC0-301F-11D3-BF4B-00C04F79EFBC}") = "08-HarfUnluMuUnsuzMu", "A-IF-ELSE-SWITCH\08-HarfUnluMuUnsuzMu\08-HarfUnluMuUnsuzMu.csproj", "{5B4C479D-9DED-4E69-B437-E98CD4DA5538}"
EndProject
Project("{FAE04EC0-301F-11D3-BF4B-00C04F79EFBC}") = "09-SayiMi", "A-IF-ELSE-SWITCH\09-SayiMi\09-SayiMi.csproj", "{CF7192A4-8B8E-492D-A1E2-B60D6112FCE9}"
EndProject
Project("{FAE04EC0-301F-11D3-BF4B-00C04F79EFBC}") = "10-KarakterBuyukKucuk", "A-IF-ELSE-SWITCH\10-KarakterBuyukKucuk\10-KarakterBuyukKucuk.csproj", "{5320B5BB-BF46-4B82-BBDE-6EDF23BFCA20}"
EndProject
Project("{FAE04EC0-301F-11D3-BF4B-00C04F79EFBC}") = "11-GunKarsiligi", "A-IF-ELSE-SWITCH\11-GunKarsiligi\11-GunKarsiligi.csproj", "{849F170A-6DBC-457E-ABC2-94579F6BFE59}"
EndProject
Project("{FAE04EC0-301F-11D3-BF4B-00C04F79EFBC}") = "12-AyNoGoreGun", "A-IF-ELSE-SWITCH\12-AyNoGoreGun\12-AyNoGoreGun.csproj", "{D8DB6245-39B6-43F5-B931-21C9E2DF0977}"
EndProject
Project("{FAE04EC0-301F-11D3-BF4B-00C04F79EFBC}") = "13-AciyaGoreUcgen", "A-IF-ELSE-SWITCH\13-AciyaGoreUcgen\13-AciyaGoreUcgen.csproj", "{FFED082E-0EC2-4665-880A-7B1D9CB46E83}"
EndProject
Project("{FAE04EC0-301F-11D3-BF4B-00C04F79EFBC}") = "14-KenaraUcgen", "A-IF-ELSE-SWITCH\14-KenaraUcgen\14-KenaraUcgen.csproj", "{0E182B36-6212-4E3F-8440-F5F000F893AF}"
EndProject
Project("{FAE04EC0-301F-11D3-BF4B-00C04F79EFBC}") = "15-UcgenCesit", "A-IF-ELSE-SWITCH\15-UcgenCesit\15-UcgenCesit.csproj", "{4D81401E-E490-4B4B-9D6D-CBE351B47542}"
EndProject
Project("{FAE04EC0-301F-11D3-BF4B-00C04F79EFBC}") = "16-KarMaliyetZarHesap", "A-IF-ELSE-SWITCH\16-KarMaliyetZarHesap\16-KarMaliyetZarHesap.csproj", "{F09241DE-DA58-453D-A0A5-A1BB5BFA5FC5}"
EndProject
Project("{FAE04EC0-301F-11D3-BF4B-00C04F79EFBC}") = "17-HarfNotuKarsiligi", "A-IF-ELSE-SWITCH\17-HarfNotuKarsiligi\17-HarfNotuKarsiligi.csproj", "{8E16056B-CF68-45ED-943E-1A8D011B4297}"
EndProject
Project("{2150E333-8FDC-42A3-9474-1A3956D46DE8}") = "B-FOR-Yildizlar", "B-FOR-Yildizlar", "{1CA93C61-9C44-4D80-AC1B-3B0799969747}"
EndProject
Project("{FAE04EC0-301F-11D3-BF4B-00C04F79EFBC}") = "YildizliSekiller", "B-FOR-Yildizlar\YildizliSekiller\YildizliSekiller.csproj", "{DC2DB3FD-5E05-4003-88FB-ABEDEF7ACE57}"
EndProject
Project("{FAE04EC0-301F-11D3-BF4B-00C04F79EFBC}") = "01-BirdenNeTumSayilar", "B-FOR-Yildizlar\01-BirdenNeTumSayilar\01-BirdenNeTumSayilar.csproj", "{05EBC61A-F6BD-42D6-B4B0-CF808730E222}"
EndProject
Project("{FAE04EC0-301F-11D3-BF4B-00C04F79EFBC}") = "02-NdenBireTumSayilar", "B-FOR-Yildizlar\02-NdenBireTumSayilar\02-NdenBireTumSayilar.csproj", "{CBC2D794-4678-43C4-BE0B-407258A0955C}"
EndProject
Project("{FAE04EC0-301F-11D3-BF4B-00C04F79EFBC}") = "03-AdanZyeAlfabe", "B-FOR-Yildizlar\03-AdanZyeAlfabe\03-AdanZyeAlfabe.csproj", "{90F34113-E73D-45A2-8CCE-5EA08E60A537}"
EndProject
Project("{FAE04EC0-301F-11D3-BF4B-00C04F79EFBC}") = "04-BirdenNCiftSayilar", "B-FOR-Yildizlar\04-BirdenNCiftSayilar\04-BirdenNCiftSayilar.csproj", "{4B1B53B9-7E93-4B7E-9F52-6F9CC77DFF85}"
EndProject
Project("{FAE04EC0-301F-11D3-BF4B-00C04F79EFBC}") = "05-NdenBireTekSayi", "B-FOR-Yildizlar\05-NdenBireTekSayi\05-NdenBireTekSayi.csproj", "{829E01F4-1122-41A1-A91B-F98CEB9F6D96}"
EndProject
Project("{FAE04EC0-301F-11D3-BF4B-00C04F79EFBC}") = "06-BirdenUcunKatlariToplami", "B-FOR-Yildizlar\06-BirdenUcunKatlariToplami\06-BirdenUcunKatlariToplami.csproj", "{614645FA-5E37-4CF1-915A-443A4457618E}"
EndProject
Project("{FAE04EC0-301F-11D3-BF4B-00C04F79EFBC}") = "07-NninKatlari", "B-FOR-Yildizlar\07-NninKatlari\07-NninKatlari.csproj", "{1E25A086-042E-4EBA-A25E-47901A5801F2}"
EndProject
Project("{FAE04EC0-301F-11D3-BF4B-00C04F79EFBC}") = "08-BirdenNeToplam", "B-FOR-Yildizlar\08-BirdenNeToplam\08-BirdenNeToplam.csproj", "{6204715D-75AA-456D-AFCD-681EF90BC588}"
EndProject
Global
	GlobalSection(SolutionConfigurationPlatforms) = preSolution
		Debug|Any CPU = Debug|Any CPU
		Release|Any CPU = Release|Any CPU
	EndGlobalSection
	GlobalSection(ProjectConfigurationPlatforms) = postSolution
		{057EF550-3D57-4C60-83D9-3F168E0C9DCF}.Debug|Any CPU.ActiveCfg = Debug|Any CPU
		{057EF550-3D57-4C60-83D9-3F168E0C9DCF}.Debug|Any CPU.Build.0 = Debug|Any CPU
		{057EF550-3D57-4C60-83D9-3F168E0C9DCF}.Release|Any CPU.ActiveCfg = Release|Any CPU
		{057EF550-3D57-4C60-83D9-3F168E0C9DCF}.Release|Any CPU.Build.0 = Release|Any CPU
		{A73C7A6C-4E82-4920-8CC6-C1563C3DC135}.Debug|Any CPU.ActiveCfg = Debug|Any CPU
		{A73C7A6C-4E82-4920-8CC6-C1563C3DC135}.Debug|Any CPU.Build.0 = Debug|Any CPU
		{A73C7A6C-4E82-4920-8CC6-C1563C3DC135}.Release|Any CPU.ActiveCfg = Release|Any CPU
		{A73C7A6C-4E82-4920-8CC6-C1563C3DC135}.Release|Any CPU.Build.0 = Release|Any CPU
		{8AE7846B-62DF-48E8-95BC-0850CFB6895D}.Debug|Any CPU.ActiveCfg = Debug|Any CPU
		{8AE7846B-62DF-48E8-95BC-0850CFB6895D}.Debug|Any CPU.Build.0 = Debug|Any CPU
		{8AE7846B-62DF-48E8-95BC-0850CFB6895D}.Release|Any CPU.ActiveCfg = Release|Any CPU
		{8AE7846B-62DF-48E8-95BC-0850CFB6895D}.Release|Any CPU.Build.0 = Release|Any CPU
		{823B9D09-3E57-4D7A-951E-DF17FD67A03D}.Debug|Any CPU.ActiveCfg = Debug|Any CPU
		{823B9D09-3E57-4D7A-951E-DF17FD67A03D}.Debug|Any CPU.Build.0 = Debug|Any CPU
		{823B9D09-3E57-4D7A-951E-DF17FD67A03D}.Release|Any CPU.ActiveCfg = Release|Any CPU
		{823B9D09-3E57-4D7A-951E-DF17FD67A03D}.Release|Any CPU.Build.0 = Release|Any CPU
		{049D3C79-1C54-4314-B4B3-124F3B315B2F}.Debug|Any CPU.ActiveCfg = Debug|Any CPU
		{049D3C79-1C54-4314-B4B3-124F3B315B2F}.Debug|Any CPU.Build.0 = Debug|Any CPU
		{049D3C79-1C54-4314-B4B3-124F3B315B2F}.Release|Any CPU.ActiveCfg = Release|Any CPU
		{049D3C79-1C54-4314-B4B3-124F3B315B2F}.Release|Any CPU.Build.0 = Release|Any CPU
		{9D9DA2C0-9872-4E1F-A3D0-E480CE3552B6}.Debug|Any CPU.ActiveCfg = Debug|Any CPU
		{9D9DA2C0-9872-4E1F-A3D0-E480CE3552B6}.Debug|Any CPU.Build.0 = Debug|Any CPU
		{9D9DA2C0-9872-4E1F-A3D0-E480CE3552B6}.Release|Any CPU.ActiveCfg = Release|Any CPU
		{9D9DA2C0-9872-4E1F-A3D0-E480CE3552B6}.Release|Any CPU.Build.0 = Release|Any CPU
		{2D759B50-0F69-498F-A331-2955D4C54EC1}.Debug|Any CPU.ActiveCfg = Debug|Any CPU
		{2D759B50-0F69-498F-A331-2955D4C54EC1}.Debug|Any CPU.Build.0 = Debug|Any CPU
		{2D759B50-0F69-498F-A331-2955D4C54EC1}.Release|Any CPU.ActiveCfg = Release|Any CPU
		{2D759B50-0F69-498F-A331-2955D4C54EC1}.Release|Any CPU.Build.0 = Release|Any CPU
		{5B4C479D-9DED-4E69-B437-E98CD4DA5538}.Debug|Any CPU.ActiveCfg = Debug|Any CPU
		{5B4C479D-9DED-4E69-B437-E98CD4DA5538}.Debug|Any CPU.Build.0 = Debug|Any CPU
		{5B4C479D-9DED-4E69-B437-E98CD4DA5538}.Release|Any CPU.ActiveCfg = Release|Any CPU
		{5B4C479D-9DED-4E69-B437-E98CD4DA5538}.Release|Any CPU.Build.0 = Release|Any CPU
		{CF7192A4-8B8E-492D-A1E2-B60D6112FCE9}.Debug|Any CPU.ActiveCfg = Debug|Any CPU
		{CF7192A4-8B8E-492D-A1E2-B60D6112FCE9}.Debug|Any CPU.Build.0 = Debug|Any CPU
		{CF7192A4-8B8E-492D-A1E2-B60D6112FCE9}.Release|Any CPU.ActiveCfg = Release|Any CPU
		{CF7192A4-8B8E-492D-A1E2-B60D6112FCE9}.Release|Any CPU.Build.0 = Release|Any CPU
		{5320B5BB-BF46-4B82-BBDE-6EDF23BFCA20}.Debug|Any CPU.ActiveCfg = Debug|Any CPU
		{5320B5BB-BF46-4B82-BBDE-6EDF23BFCA20}.Debug|Any CPU.Build.0 = Debug|Any CPU
		{5320B5BB-BF46-4B82-BBDE-6EDF23BFCA20}.Release|Any CPU.ActiveCfg = Release|Any CPU
		{5320B5BB-BF46-4B82-BBDE-6EDF23BFCA20}.Release|Any CPU.Build.0 = Release|Any CPU
		{849F170A-6DBC-457E-ABC2-94579F6BFE59}.Debug|Any CPU.ActiveCfg = Debug|Any CPU
		{849F170A-6DBC-457E-ABC2-94579F6BFE59}.Debug|Any CPU.Build.0 = Debug|Any CPU
		{849F170A-6DBC-457E-ABC2-94579F6BFE59}.Release|Any CPU.ActiveCfg = Release|Any CPU
		{849F170A-6DBC-457E-ABC2-94579F6BFE59}.Release|Any CPU.Build.0 = Release|Any CPU
		{D8DB6245-39B6-43F5-B931-21C9E2DF0977}.Debug|Any CPU.ActiveCfg = Debug|Any CPU
		{D8DB6245-39B6-43F5-B931-21C9E2DF0977}.Debug|Any CPU.Build.0 = Debug|Any CPU
		{D8DB6245-39B6-43F5-B931-21C9E2DF0977}.Release|Any CPU.ActiveCfg = Release|Any CPU
		{D8DB6245-39B6-43F5-B931-21C9E2DF0977}.Release|Any CPU.Build.0 = Release|Any CPU
		{FFED082E-0EC2-4665-880A-7B1D9CB46E83}.Debug|Any CPU.ActiveCfg = Debug|Any CPU
		{FFED082E-0EC2-4665-880A-7B1D9CB46E83}.Debug|Any CPU.Build.0 = Debug|Any CPU
		{FFED082E-0EC2-4665-880A-7B1D9CB46E83}.Release|Any CPU.ActiveCfg = Release|Any CPU
		{FFED082E-0EC2-4665-880A-7B1D9CB46E83}.Release|Any CPU.Build.0 = Release|Any CPU
		{0E182B36-6212-4E3F-8440-F5F000F893AF}.Debug|Any CPU.ActiveCfg = Debug|Any CPU
		{0E182B36-6212-4E3F-8440-F5F000F893AF}.Debug|Any CPU.Build.0 = Debug|Any CPU
		{0E182B36-6212-4E3F-8440-F5F000F893AF}.Release|Any CPU.ActiveCfg = Release|Any CPU
		{0E182B36-6212-4E3F-8440-F5F000F893AF}.Release|Any CPU.Build.0 = Release|Any CPU
		{4D81401E-E490-4B4B-9D6D-CBE351B47542}.Debug|Any CPU.ActiveCfg = Debug|Any CPU
		{4D81401E-E490-4B4B-9D6D-CBE351B47542}.Debug|Any CPU.Build.0 = Debug|Any CPU
		{4D81401E-E490-4B4B-9D6D-CBE351B47542}.Release|Any CPU.ActiveCfg = Release|Any CPU
		{4D81401E-E490-4B4B-9D6D-CBE351B47542}.Release|Any CPU.Build.0 = Release|Any CPU
		{F09241DE-DA58-453D-A0A5-A1BB5BFA5FC5}.Debug|Any CPU.ActiveCfg = Debug|Any CPU
		{F09241DE-DA58-453D-A0A5-A1BB5BFA5FC5}.Debug|Any CPU.Build.0 = Debug|Any CPU
		{F09241DE-DA58-453D-A0A5-A1BB5BFA5FC5}.Release|Any CPU.ActiveCfg = Release|Any CPU
		{F09241DE-DA58-453D-A0A5-A1BB5BFA5FC5}.Release|Any CPU.Build.0 = Release|Any CPU
		{8E16056B-CF68-45ED-943E-1A8D011B4297}.Debug|Any CPU.ActiveCfg = Debug|Any CPU
		{8E16056B-CF68-45ED-943E-1A8D011B4297}.Debug|Any CPU.Build.0 = Debug|Any CPU
		{8E16056B-CF68-45ED-943E-1A8D011B4297}.Release|Any CPU.ActiveCfg = Release|Any CPU
		{8E16056B-CF68-45ED-943E-1A8D011B4297}.Release|Any CPU.Build.0 = Release|Any CPU
		{DC2DB3FD-5E05-4003-88FB-ABEDEF7ACE57}.Debug|Any CPU.ActiveCfg = Debug|Any CPU
		{DC2DB3FD-5E05-4003-88FB-ABEDEF7ACE57}.Debug|Any CPU.Build.0 = Debug|Any CPU
		{DC2DB3FD-5E05-4003-88FB-ABEDEF7ACE57}.Release|Any CPU.ActiveCfg = Release|Any CPU
		{DC2DB3FD-5E05-4003-88FB-ABEDEF7ACE57}.Release|Any CPU.Build.0 = Release|Any CPU
		{05EBC61A-F6BD-42D6-B4B0-CF808730E222}.Debug|Any CPU.ActiveCfg = Debug|Any CPU
		{05EBC61A-F6BD-42D6-B4B0-CF808730E222}.Debug|Any CPU.Build.0 = Debug|Any CPU
		{05EBC61A-F6BD-42D6-B4B0-CF808730E222}.Release|Any CPU.ActiveCfg = Release|Any CPU
		{05EBC61A-F6BD-42D6-B4B0-CF808730E222}.Release|Any CPU.Build.0 = Release|Any CPU
		{CBC2D794-4678-43C4-BE0B-407258A0955C}.Debug|Any CPU.ActiveCfg = Debug|Any CPU
		{CBC2D794-4678-43C4-BE0B-407258A0955C}.Debug|Any CPU.Build.0 = Debug|Any CPU
		{CBC2D794-4678-43C4-BE0B-407258A0955C}.Release|Any CPU.ActiveCfg = Release|Any CPU
		{CBC2D794-4678-43C4-BE0B-407258A0955C}.Release|Any CPU.Build.0 = Release|Any CPU
		{90F34113-E73D-45A2-8CCE-5EA08E60A537}.Debug|Any CPU.ActiveCfg = Debug|Any CPU
		{90F34113-E73D-45A2-8CCE-5EA08E60A537}.Debug|Any CPU.Build.0 = Debug|Any CPU
		{90F34113-E73D-45A2-8CCE-5EA08E60A537}.Release|Any CPU.ActiveCfg = Release|Any CPU
		{90F34113-E73D-45A2-8CCE-5EA08E60A537}.Release|Any CPU.Build.0 = Release|Any CPU
		{4B1B53B9-7E93-4B7E-9F52-6F9CC77DFF85}.Debug|Any CPU.ActiveCfg = Debug|Any CPU
		{4B1B53B9-7E93-4B7E-9F52-6F9CC77DFF85}.Debug|Any CPU.Build.0 = Debug|Any CPU
		{4B1B53B9-7E93-4B7E-9F52-6F9CC77DFF85}.Release|Any CPU.ActiveCfg = Release|Any CPU
		{4B1B53B9-7E93-4B7E-9F52-6F9CC77DFF85}.Release|Any CPU.Build.0 = Release|Any CPU
		{829E01F4-1122-41A1-A91B-F98CEB9F6D96}.Debug|Any CPU.ActiveCfg = Debug|Any CPU
		{829E01F4-1122-41A1-A91B-F98CEB9F6D96}.Debug|Any CPU.Build.0 = Debug|Any CPU
		{829E01F4-1122-41A1-A91B-F98CEB9F6D96}.Release|Any CPU.ActiveCfg = Release|Any CPU
		{829E01F4-1122-41A1-A91B-F98CEB9F6D96}.Release|Any CPU.Build.0 = Release|Any CPU
		{614645FA-5E37-4CF1-915A-443A4457618E}.Debug|Any CPU.ActiveCfg = Debug|Any CPU
		{614645FA-5E37-4CF1-915A-443A4457618E}.Debug|Any CPU.Build.0 = Debug|Any CPU
		{614645FA-5E37-4CF1-915A-443A4457618E}.Release|Any CPU.ActiveCfg = Release|Any CPU
		{614645FA-5E37-4CF1-915A-443A4457618E}.Release|Any CPU.Build.0 = Release|Any CPU
		{1E25A086-042E-4EBA-A25E-47901A5801F2}.Debug|Any CPU.ActiveCfg = Debug|Any CPU
		{1E25A086-042E-4EBA-A25E-47901A5801F2}.Debug|Any CPU.Build.0 = Debug|Any CPU
		{1E25A086-042E-4EBA-A25E-47901A5801F2}.Release|Any CPU.ActiveCfg = Release|Any CPU
		{1E25A086-042E-4EBA-A25E-47901A5801F2}.Release|Any CPU.Build.0 = Release|Any CPU
		{6204715D-75AA-456D-AFCD-681EF90BC588}.Debug|Any CPU.ActiveCfg = Debug|Any CPU
		{6204715D-75AA-456D-AFCD-681EF90BC588}.Debug|Any CPU.Build.0 = Debug|Any CPU
		{6204715D-75AA-456D-AFCD-681EF90BC588}.Release|Any CPU.ActiveCfg = Release|Any CPU
		{6204715D-75AA-456D-AFCD-681EF90BC588}.Release|Any CPU.Build.0 = Release|Any CPU
	EndGlobalSection
	GlobalSection(SolutionProperties) = preSolution
		HideSolutionNode = FALSE
	EndGlobalSection
	GlobalSection(NestedProjects) = preSolution
		{057EF550-3D57-4C60-83D9-3F168E0C9DCF} = {083F5931-D576-4C83-A173-4F55333AFE94}
		{A73C7A6C-4E82-4920-8CC6-C1563C3DC135} = {083F5931-D576-4C83-A173-4F55333AFE94}
		{8AE7846B-62DF-48E8-95BC-0850CFB6895D} = {083F5931-D576-4C83-A173-4F55333AFE94}
		{823B9D09-3E57-4D7A-951E-DF17FD67A03D} = {083F5931-D576-4C83-A173-4F55333AFE94}
		{049D3C79-1C54-4314-B4B3-124F3B315B2F} = {083F5931-D576-4C83-A173-4F55333AFE94}
		{9D9DA2C0-9872-4E1F-A3D0-E480CE3552B6} = {083F5931-D576-4C83-A173-4F55333AFE94}
		{2D759B50-0F69-498F-A331-2955D4C54EC1} = {083F5931-D576-4C83-A173-4F55333AFE94}
		{5B4C479D-9DED-4E69-B437-E98CD4DA5538} = {083F5931-D576-4C83-A173-4F55333AFE94}
		{CF7192A4-8B8E-492D-A1E2-B60D6112FCE9} = {083F5931-D576-4C83-A173-4F55333AFE94}
		{5320B5BB-BF46-4B82-BBDE-6EDF23BFCA20} = {083F5931-D576-4C83-A173-4F55333AFE94}
		{849F170A-6DBC-457E-ABC2-94579F6BFE59} = {083F5931-D576-4C83-A173-4F55333AFE94}
		{D8DB6245-39B6-43F5-B931-21C9E2DF0977} = {083F5931-D576-4C83-A173-4F55333AFE94}
		{FFED082E-0EC2-4665-880A-7B1D9CB46E83} = {083F5931-D576-4C83-A173-4F55333AFE94}
		{0E182B36-6212-4E3F-8440-F5F000F893AF} = {083F5931-D576-4C83-A173-4F55333AFE94}
		{4D81401E-E490-4B4B-9D6D-CBE351B47542} = {083F5931-D576-4C83-A173-4F55333AFE94}
		{F09241DE-DA58-453D-A0A5-A1BB5BFA5FC5} = {083F5931-D576-4C83-A173-4F55333AFE94}
		{8E16056B-CF68-45ED-943E-1A8D011B4297} = {083F5931-D576-4C83-A173-4F55333AFE94}
		{DC2DB3FD-5E05-4003-88FB-ABEDEF7ACE57} = {1CA93C61-9C44-4D80-AC1B-3B0799969747}
		{05EBC61A-F6BD-42D6-B4B0-CF808730E222} = {1CA93C61-9C44-4D80-AC1B-3B0799969747}
		{CBC2D794-4678-43C4-BE0B-407258A0955C} = {1CA93C61-9C44-4D80-AC1B-3B0799969747}
		{90F34113-E73D-45A2-8CCE-5EA08E60A537} = {1CA93C61-9C44-4D80-AC1B-3B0799969747}
		{4B1B53B9-7E93-4B7E-9F52-6F9CC77DFF85} = {1CA93C61-9C44-4D80-AC1B-3B0799969747}
		{829E01F4-1122-41A1-A91B-F98CEB9F6D96} = {1CA93C61-9C44-4D80-AC1B-3B0799969747}
		{614645FA-5E37-4CF1-915A-443A4457618E} = {1CA93C61-9C44-4D80-AC1B-3B0799969747}
		{1E25A086-042E-4EBA-A25E-47901A5801F2} = {1CA93C61-9C44-4D80-AC1B-3B0799969747}
		{6204715D-75AA-456D-AFCD-681EF90BC588} = {1CA93C61-9C44-4D80-AC1B-3B0799969747}
	EndGlobalSection
	GlobalSection(ExtensibilityGlobals) = postSolution
		SolutionGuid = {6116812F-4F84-43FC-8631-3CE0661EAE93}
	EndGlobalSection
EndGlobal
